// !$*UTF8*$!
{
	archiveVersion = 1;
	classes = {
	};
	objectVersion = 46;
	objects = {

/* Begin PBXBuildFile section */
		B539BF531CA17AE200AC0B7F /* main.m in Sources */ = {isa = PBXBuildFile; fileRef = B539BF521CA17AE200AC0B7F /* main.m */; };
		B539BF561CA17AE200AC0B7F /* AppDelegate.m in Sources */ = {isa = PBXBuildFile; fileRef = B539BF551CA17AE200AC0B7F /* AppDelegate.m */; };
		B539BF591CA17AE200AC0B7F /* ViewController.m in Sources */ = {isa = PBXBuildFile; fileRef = B539BF581CA17AE200AC0B7F /* ViewController.m */; };
		B539BF5C1CA17AE200AC0B7F /* Main.storyboard in Resources */ = {isa = PBXBuildFile; fileRef = B539BF5A1CA17AE200AC0B7F /* Main.storyboard */; };
		B539BF5E1CA17AE200AC0B7F /* Assets.xcassets in Resources */ = {isa = PBXBuildFile; fileRef = B539BF5D1CA17AE200AC0B7F /* Assets.xcassets */; };
		B539BF611CA17AE200AC0B7F /* LaunchScreen.storyboard in Resources */ = {isa = PBXBuildFile; fileRef = B539BF5F1CA17AE200AC0B7F /* LaunchScreen.storyboard */; };
		B539BF6C1CA17BB300AC0B7F /* AbstractAlertView.m in Sources */ = {isa = PBXBuildFile; fileRef = B539BF6B1CA17BB300AC0B7F /* AbstractAlertView.m */; };
		B539BF701CA1881600AC0B7F /* CustomViewController.m in Sources */ = {isa = PBXBuildFile; fileRef = B539BF6F1CA1881600AC0B7F /* CustomViewController.m */; };
		B58A44E81CA2699E00CB9D34 /* CustomNavigationController.m in Sources */ = {isa = PBXBuildFile; fileRef = B58A44E71CA2699E00CB9D34 /* CustomNavigationController.m */; };
		B58A44EC1CA26E5800CB9D34 /* CustomNomalContentViewController.m in Sources */ = {isa = PBXBuildFile; fileRef = B58A44EB1CA26E5800CB9D34 /* CustomNomalContentViewController.m */; };
		B58A44EF1CA2734400CB9D34 /* CustomFullContentViewController.m in Sources */ = {isa = PBXBuildFile; fileRef = B58A44EE1CA2734400CB9D34 /* CustomFullContentViewController.m */; };
		B58A44F21CA2753800CB9D34 /* NormalTitleViewController.m in Sources */ = {isa = PBXBuildFile; fileRef = B58A44F11CA2753800CB9D34 /* NormalTitleViewController.m */; };
		B58A44F61CA2767E00CB9D34 /* UIColor+CustomColors.m in Sources */ = {isa = PBXBuildFile; fileRef = B58A44F51CA2767E00CB9D34 /* UIColor+CustomColors.m */; };
		B58A44FB1CA2778800CB9D34 /* UIView+SetRect.m in Sources */ = {isa = PBXBuildFile; fileRef = B58A44FA1CA2778800CB9D34 /* UIView+SetRect.m */; };
		B58A44FF1CA28D5500CB9D34 /* UIFont+Fonts.m in Sources */ = {isa = PBXBuildFile; fileRef = B58A44FE1CA28D5500CB9D34 /* UIFont+Fonts.m */; };
		B58C0BA21CAA30AD002029EC /* AnimationListViewController.m in Sources */ = {isa = PBXBuildFile; fileRef = B58C0BA11CAA30AD002029EC /* AnimationListViewController.m */; };
		B58C0BA51CAA30D2002029EC /* Item.m in Sources */ = {isa = PBXBuildFile; fileRef = B58C0BA41CAA30D2002029EC /* Item.m */; };
		B58C0BAC1CAA3401002029EC /* CustomAdapterTypeCell.m in Sources */ = {isa = PBXBuildFile; fileRef = B58C0BAB1CAA3401002029EC /* CustomAdapterTypeCell.m */; };
		B58C0BB01CAA5056002029EC /* CellDataAdapter.m in Sources */ = {isa = PBXBuildFile; fileRef = B58C0BAF1CAA5056002029EC /* CellDataAdapter.m */; };
		B58C0BB31CAA5082002029EC /* ListItemCell.m in Sources */ = {isa = PBXBuildFile; fileRef = B58C0BB21CAA5082002029EC /* ListItemCell.m */; };
		B58C0BE91CAA50B7002029EC /* POPAnimatableProperty.mm in Sources */ = {isa = PBXBuildFile; fileRef = B58C0BB81CAA50B7002029EC /* POPAnimatableProperty.mm */; };
		B58C0BEA1CAA50B7002029EC /* POPAnimation.mm in Sources */ = {isa = PBXBuildFile; fileRef = B58C0BBA1CAA50B7002029EC /* POPAnimation.mm */; };
		B58C0BEB1CAA50B7002029EC /* POPAnimationEvent.mm in Sources */ = {isa = PBXBuildFile; fileRef = B58C0BBC1CAA50B7002029EC /* POPAnimationEvent.mm */; };
		B58C0BEC1CAA50B7002029EC /* POPAnimationExtras.mm in Sources */ = {isa = PBXBuildFile; fileRef = B58C0BBF1CAA50B7002029EC /* POPAnimationExtras.mm */; };
		B58C0BED1CAA50B7002029EC /* POPAnimationRuntime.mm in Sources */ = {isa = PBXBuildFile; fileRef = B58C0BC31CAA50B7002029EC /* POPAnimationRuntime.mm */; };
		B58C0BEE1CAA50B7002029EC /* POPAnimationTracer.mm in Sources */ = {isa = PBXBuildFile; fileRef = B58C0BC51CAA50B7002029EC /* POPAnimationTracer.mm */; };
		B58C0BEF1CAA50B7002029EC /* POPAnimator.mm in Sources */ = {isa = PBXBuildFile; fileRef = B58C0BC81CAA50B7002029EC /* POPAnimator.mm */; };
		B58C0BF01CAA50B7002029EC /* POPBasicAnimation.mm in Sources */ = {isa = PBXBuildFile; fileRef = B58C0BCB1CAA50B7002029EC /* POPBasicAnimation.mm */; };
		B58C0BF11CAA50B7002029EC /* POPCGUtils.mm in Sources */ = {isa = PBXBuildFile; fileRef = B58C0BCE1CAA50B7002029EC /* POPCGUtils.mm */; };
		B58C0BF21CAA50B7002029EC /* POPCustomAnimation.mm in Sources */ = {isa = PBXBuildFile; fileRef = B58C0BD01CAA50B7002029EC /* POPCustomAnimation.mm */; };
		B58C0BF31CAA50B7002029EC /* POPDecayAnimation.mm in Sources */ = {isa = PBXBuildFile; fileRef = B58C0BD21CAA50B7002029EC /* POPDecayAnimation.mm */; };
		B58C0BF41CAA50B7002029EC /* POPGeometry.mm in Sources */ = {isa = PBXBuildFile; fileRef = B58C0BD61CAA50B7002029EC /* POPGeometry.mm */; };
		B58C0BF51CAA50B7002029EC /* POPLayerExtras.mm in Sources */ = {isa = PBXBuildFile; fileRef = B58C0BD81CAA50B7002029EC /* POPLayerExtras.mm */; };
		B58C0BF61CAA50B7002029EC /* POPMath.mm in Sources */ = {isa = PBXBuildFile; fileRef = B58C0BDA1CAA50B7002029EC /* POPMath.mm */; };
		B58C0BF71CAA50B7002029EC /* POPPropertyAnimation.mm in Sources */ = {isa = PBXBuildFile; fileRef = B58C0BDC1CAA50B7002029EC /* POPPropertyAnimation.mm */; };
		B58C0BF81CAA50B7002029EC /* POPSpringAnimation.mm in Sources */ = {isa = PBXBuildFile; fileRef = B58C0BDF1CAA50B7002029EC /* POPSpringAnimation.mm */; };
		B58C0BF91CAA50B7002029EC /* POPVector.mm in Sources */ = {isa = PBXBuildFile; fileRef = B58C0BE31CAA50B7002029EC /* POPVector.mm */; };
		B58C0BFA1CAA50B7002029EC /* TransformationMatrix.cpp in Sources */ = {isa = PBXBuildFile; fileRef = B58C0BE61CAA50B7002029EC /* TransformationMatrix.cpp */; };
		B593454D1CA2C3360031528E /* FullTitleViewController.m in Sources */ = {isa = PBXBuildFile; fileRef = B593454C1CA2C3360031528E /* FullTitleViewController.m */; };
		B59345501CA2C54F0031528E /* FullTitleVisualEffectViewController.m in Sources */ = {isa = PBXBuildFile; fileRef = B593454F1CA2C54F0031528E /* FullTitleVisualEffectViewController.m */; };
/* End PBXBuildFile section */

/* Begin PBXFileReference section */
		B539BF4E1CA17AE200AC0B7F /* POPAnimationDemo.app */ = {isa = PBXFileReference; explicitFileType = wrapper.application; includeInIndex = 0; path = POPAnimationDemo.app; sourceTree = BUILT_PRODUCTS_DIR; };
		B539BF521CA17AE200AC0B7F /* main.m */ = {isa = PBXFileReference; lastKnownFileType = sourcecode.c.objc; path = main.m; sourceTree = "<group>"; };
		B539BF541CA17AE200AC0B7F /* AppDelegate.h */ = {isa = PBXFileReference; lastKnownFileType = sourcecode.c.h; path = AppDelegate.h; sourceTree = "<group>"; };
		B539BF551CA17AE200AC0B7F /* AppDelegate.m */ = {isa = PBXFileReference; lastKnownFileType = sourcecode.c.objc; path = AppDelegate.m; sourceTree = "<group>"; };
		B539BF571CA17AE200AC0B7F /* ViewController.h */ = {isa = PBXFileReference; lastKnownFileType = sourcecode.c.h; path = ViewController.h; sourceTree = "<group>"; };
		B539BF581CA17AE200AC0B7F /* ViewController.m */ = {isa = PBXFileReference; lastKnownFileType = sourcecode.c.objc; path = ViewController.m; sourceTree = "<group>"; };
		B539BF5B1CA17AE200AC0B7F /* Base */ = {isa = PBXFileReference; lastKnownFileType = file.storyboard; name = Base; path = Base.lproj/Main.storyboard; sourceTree = "<group>"; };
		B539BF5D1CA17AE200AC0B7F /* Assets.xcassets */ = {isa = PBXFileReference; lastKnownFileType = folder.assetcatalog; path = Assets.xcassets; sourceTree = "<group>"; };
		B539BF601CA17AE200AC0B7F /* Base */ = {isa = PBXFileReference; lastKnownFileType = file.storyboard; name = Base; path = Base.lproj/LaunchScreen.storyboard; sourceTree = "<group>"; };
		B539BF621CA17AE200AC0B7F /* Info.plist */ = {isa = PBXFileReference; lastKnownFileType = text.plist.xml; path = Info.plist; sourceTree = "<group>"; };
		B539BF6A1CA17BB300AC0B7F /* AbstractAlertView.h */ = {isa = PBXFileReference; fileEncoding = 4; lastKnownFileType = sourcecode.c.h; path = AbstractAlertView.h; sourceTree = "<group>"; };
		B539BF6B1CA17BB300AC0B7F /* AbstractAlertView.m */ = {isa = PBXFileReference; fileEncoding = 4; lastKnownFileType = sourcecode.c.objc; path = AbstractAlertView.m; sourceTree = "<group>"; };
		B539BF6E1CA1881600AC0B7F /* CustomViewController.h */ = {isa = PBXFileReference; fileEncoding = 4; lastKnownFileType = sourcecode.c.h; path = CustomViewController.h; sourceTree = "<group>"; };
		B539BF6F1CA1881600AC0B7F /* CustomViewController.m */ = {isa = PBXFileReference; fileEncoding = 4; lastKnownFileType = sourcecode.c.objc; path = CustomViewController.m; sourceTree = "<group>"; };
		B58A44E61CA2699E00CB9D34 /* CustomNavigationController.h */ = {isa = PBXFileReference; fileEncoding = 4; lastKnownFileType = sourcecode.c.h; path = CustomNavigationController.h; sourceTree = "<group>"; };
		B58A44E71CA2699E00CB9D34 /* CustomNavigationController.m */ = {isa = PBXFileReference; fileEncoding = 4; lastKnownFileType = sourcecode.c.objc; path = CustomNavigationController.m; sourceTree = "<group>"; };
		B58A44E91CA26BEA00CB9D34 /* CustomViewControllerSubviewTagValue.h */ = {isa = PBXFileReference; lastKnownFileType = sourcecode.c.h; path = CustomViewControllerSubviewTagValue.h; sourceTree = "<group>"; };
		B58A44EA1CA26E5800CB9D34 /* CustomNomalContentViewController.h */ = {isa = PBXFileReference; fileEncoding = 4; lastKnownFileType = sourcecode.c.h; path = CustomNomalContentViewController.h; sourceTree = "<group>"; };
		B58A44EB1CA26E5800CB9D34 /* CustomNomalContentViewController.m */ = {isa = PBXFileReference; fileEncoding = 4; lastKnownFileType = sourcecode.c.objc; path = CustomNomalContentViewController.m; sourceTree = "<group>"; };
		B58A44ED1CA2734400CB9D34 /* CustomFullContentViewController.h */ = {isa = PBXFileReference; fileEncoding = 4; lastKnownFileType = sourcecode.c.h; path = CustomFullContentViewController.h; sourceTree = "<group>"; };
		B58A44EE1CA2734400CB9D34 /* CustomFullContentViewController.m */ = {isa = PBXFileReference; fileEncoding = 4; lastKnownFileType = sourcecode.c.objc; path = CustomFullContentViewController.m; sourceTree = "<group>"; };
		B58A44F01CA2753800CB9D34 /* NormalTitleViewController.h */ = {isa = PBXFileReference; fileEncoding = 4; lastKnownFileType = sourcecode.c.h; path = NormalTitleViewController.h; sourceTree = "<group>"; };
		B58A44F11CA2753800CB9D34 /* NormalTitleViewController.m */ = {isa = PBXFileReference; fileEncoding = 4; lastKnownFileType = sourcecode.c.objc; path = NormalTitleViewController.m; sourceTree = "<group>"; };
		B58A44F41CA2767E00CB9D34 /* UIColor+CustomColors.h */ = {isa = PBXFileReference; fileEncoding = 4; lastKnownFileType = sourcecode.c.h; path = "UIColor+CustomColors.h"; sourceTree = "<group>"; };
		B58A44F51CA2767E00CB9D34 /* UIColor+CustomColors.m */ = {isa = PBXFileReference; fileEncoding = 4; lastKnownFileType = sourcecode.c.objc; path = "UIColor+CustomColors.m"; sourceTree = "<group>"; };
		B58A44F91CA2778800CB9D34 /* UIView+SetRect.h */ = {isa = PBXFileReference; fileEncoding = 4; lastKnownFileType = sourcecode.c.h; path = "UIView+SetRect.h"; sourceTree = "<group>"; };
		B58A44FA1CA2778800CB9D34 /* UIView+SetRect.m */ = {isa = PBXFileReference; fileEncoding = 4; lastKnownFileType = sourcecode.c.objc; path = "UIView+SetRect.m"; sourceTree = "<group>"; };
		B58A44FD1CA28D5500CB9D34 /* UIFont+Fonts.h */ = {isa = PBXFileReference; fileEncoding = 4; lastKnownFileType = sourcecode.c.h; path = "UIFont+Fonts.h"; sourceTree = "<group>"; };
		B58A44FE1CA28D5500CB9D34 /* UIFont+Fonts.m */ = {isa = PBXFileReference; fileEncoding = 4; lastKnownFileType = sourcecode.c.objc; path = "UIFont+Fonts.m"; sourceTree = "<group>"; };
		B58C0BA01CAA30AD002029EC /* AnimationListViewController.h */ = {isa = PBXFileReference; fileEncoding = 4; lastKnownFileType = sourcecode.c.h; path = AnimationListViewController.h; sourceTree = "<group>"; };
		B58C0BA11CAA30AD002029EC /* AnimationListViewController.m */ = {isa = PBXFileReference; fileEncoding = 4; lastKnownFileType = sourcecode.c.objc; path = AnimationListViewController.m; sourceTree = "<group>"; };
		B58C0BA31CAA30D2002029EC /* Item.h */ = {isa = PBXFileReference; fileEncoding = 4; lastKnownFileType = sourcecode.c.h; path = Item.h; sourceTree = "<group>"; };
		B58C0BA41CAA30D2002029EC /* Item.m */ = {isa = PBXFileReference; fileEncoding = 4; lastKnownFileType = sourcecode.c.objc; path = Item.m; sourceTree = "<group>"; };
		B58C0BAA1CAA3401002029EC /* CustomAdapterTypeCell.h */ = {isa = PBXFileReference; fileEncoding = 4; lastKnownFileType = sourcecode.c.h; path = CustomAdapterTypeCell.h; sourceTree = "<group>"; };
		B58C0BAB1CAA3401002029EC /* CustomAdapterTypeCell.m */ = {isa = PBXFileReference; fileEncoding = 4; lastKnownFileType = sourcecode.c.objc; path = CustomAdapterTypeCell.m; sourceTree = "<group>"; };
		B58C0BAE1CAA5056002029EC /* CellDataAdapter.h */ = {isa = PBXFileReference; fileEncoding = 4; lastKnownFileType = sourcecode.c.h; path = CellDataAdapter.h; sourceTree = "<group>"; };
		B58C0BAF1CAA5056002029EC /* CellDataAdapter.m */ = {isa = PBXFileReference; fileEncoding = 4; lastKnownFileType = sourcecode.c.objc; path = CellDataAdapter.m; sourceTree = "<group>"; };
		B58C0BB11CAA5082002029EC /* ListItemCell.h */ = {isa = PBXFileReference; fileEncoding = 4; lastKnownFileType = sourcecode.c.h; path = ListItemCell.h; sourceTree = "<group>"; };
		B58C0BB21CAA5082002029EC /* ListItemCell.m */ = {isa = PBXFileReference; fileEncoding = 4; lastKnownFileType = sourcecode.c.objc; path = ListItemCell.m; sourceTree = "<group>"; };
		B58C0BB51CAA50B7002029EC /* POP.h */ = {isa = PBXFileReference; fileEncoding = 4; lastKnownFileType = sourcecode.c.h; path = POP.h; sourceTree = "<group>"; };
		B58C0BB61CAA50B7002029EC /* POPAction.h */ = {isa = PBXFileReference; fileEncoding = 4; lastKnownFileType = sourcecode.c.h; path = POPAction.h; sourceTree = "<group>"; };
		B58C0BB71CAA50B7002029EC /* POPAnimatableProperty.h */ = {isa = PBXFileReference; fileEncoding = 4; lastKnownFileType = sourcecode.c.h; path = POPAnimatableProperty.h; sourceTree = "<group>"; };
		B58C0BB81CAA50B7002029EC /* POPAnimatableProperty.mm */ = {isa = PBXFileReference; fileEncoding = 4; lastKnownFileType = sourcecode.cpp.objcpp; path = POPAnimatableProperty.mm; sourceTree = "<group>"; };
		B58C0BB91CAA50B7002029EC /* POPAnimation.h */ = {isa = PBXFileReference; fileEncoding = 4; lastKnownFileType = sourcecode.c.h; path = POPAnimation.h; sourceTree = "<group>"; };
		B58C0BBA1CAA50B7002029EC /* POPAnimation.mm */ = {isa = PBXFileReference; fileEncoding = 4; lastKnownFileType = sourcecode.cpp.objcpp; path = POPAnimation.mm; sourceTree = "<group>"; };
		B58C0BBB1CAA50B7002029EC /* POPAnimationEvent.h */ = {isa = PBXFileReference; fileEncoding = 4; lastKnownFileType = sourcecode.c.h; path = POPAnimationEvent.h; sourceTree = "<group>"; };
		B58C0BBC1CAA50B7002029EC /* POPAnimationEvent.mm */ = {isa = PBXFileReference; fileEncoding = 4; lastKnownFileType = sourcecode.cpp.objcpp; path = POPAnimationEvent.mm; sourceTree = "<group>"; };
		B58C0BBD1CAA50B7002029EC /* POPAnimationEventInternal.h */ = {isa = PBXFileReference; fileEncoding = 4; lastKnownFileType = sourcecode.c.h; path = POPAnimationEventInternal.h; sourceTree = "<group>"; };
		B58C0BBE1CAA50B7002029EC /* POPAnimationExtras.h */ = {isa = PBXFileReference; fileEncoding = 4; lastKnownFileType = sourcecode.c.h; path = POPAnimationExtras.h; sourceTree = "<group>"; };
		B58C0BBF1CAA50B7002029EC /* POPAnimationExtras.mm */ = {isa = PBXFileReference; fileEncoding = 4; lastKnownFileType = sourcecode.cpp.objcpp; path = POPAnimationExtras.mm; sourceTree = "<group>"; };
		B58C0BC01CAA50B7002029EC /* POPAnimationInternal.h */ = {isa = PBXFileReference; fileEncoding = 4; lastKnownFileType = sourcecode.c.h; path = POPAnimationInternal.h; sourceTree = "<group>"; };
		B58C0BC11CAA50B7002029EC /* POPAnimationPrivate.h */ = {isa = PBXFileReference; fileEncoding = 4; lastKnownFileType = sourcecode.c.h; path = POPAnimationPrivate.h; sourceTree = "<group>"; };
		B58C0BC21CAA50B7002029EC /* POPAnimationRuntime.h */ = {isa = PBXFileReference; fileEncoding = 4; lastKnownFileType = sourcecode.c.h; path = POPAnimationRuntime.h; sourceTree = "<group>"; };
		B58C0BC31CAA50B7002029EC /* POPAnimationRuntime.mm */ = {isa = PBXFileReference; fileEncoding = 4; lastKnownFileType = sourcecode.cpp.objcpp; path = POPAnimationRuntime.mm; sourceTree = "<group>"; };
		B58C0BC41CAA50B7002029EC /* POPAnimationTracer.h */ = {isa = PBXFileReference; fileEncoding = 4; lastKnownFileType = sourcecode.c.h; path = POPAnimationTracer.h; sourceTree = "<group>"; };
		B58C0BC51CAA50B7002029EC /* POPAnimationTracer.mm */ = {isa = PBXFileReference; fileEncoding = 4; lastKnownFileType = sourcecode.cpp.objcpp; path = POPAnimationTracer.mm; sourceTree = "<group>"; };
		B58C0BC61CAA50B7002029EC /* POPAnimationTracerInternal.h */ = {isa = PBXFileReference; fileEncoding = 4; lastKnownFileType = sourcecode.c.h; path = POPAnimationTracerInternal.h; sourceTree = "<group>"; };
		B58C0BC71CAA50B7002029EC /* POPAnimator.h */ = {isa = PBXFileReference; fileEncoding = 4; lastKnownFileType = sourcecode.c.h; path = POPAnimator.h; sourceTree = "<group>"; };
		B58C0BC81CAA50B7002029EC /* POPAnimator.mm */ = {isa = PBXFileReference; fileEncoding = 4; lastKnownFileType = sourcecode.cpp.objcpp; path = POPAnimator.mm; sourceTree = "<group>"; };
		B58C0BC91CAA50B7002029EC /* POPAnimatorPrivate.h */ = {isa = PBXFileReference; fileEncoding = 4; lastKnownFileType = sourcecode.c.h; path = POPAnimatorPrivate.h; sourceTree = "<group>"; };
		B58C0BCA1CAA50B7002029EC /* POPBasicAnimation.h */ = {isa = PBXFileReference; fileEncoding = 4; lastKnownFileType = sourcecode.c.h; path = POPBasicAnimation.h; sourceTree = "<group>"; };
		B58C0BCB1CAA50B7002029EC /* POPBasicAnimation.mm */ = {isa = PBXFileReference; fileEncoding = 4; lastKnownFileType = sourcecode.cpp.objcpp; path = POPBasicAnimation.mm; sourceTree = "<group>"; };
		B58C0BCC1CAA50B7002029EC /* POPBasicAnimationInternal.h */ = {isa = PBXFileReference; fileEncoding = 4; lastKnownFileType = sourcecode.c.h; path = POPBasicAnimationInternal.h; sourceTree = "<group>"; };
		B58C0BCD1CAA50B7002029EC /* POPCGUtils.h */ = {isa = PBXFileReference; fileEncoding = 4; lastKnownFileType = sourcecode.c.h; path = POPCGUtils.h; sourceTree = "<group>"; };
		B58C0BCE1CAA50B7002029EC /* POPCGUtils.mm */ = {isa = PBXFileReference; fileEncoding = 4; lastKnownFileType = sourcecode.cpp.objcpp; path = POPCGUtils.mm; sourceTree = "<group>"; };
		B58C0BCF1CAA50B7002029EC /* POPCustomAnimation.h */ = {isa = PBXFileReference; fileEncoding = 4; lastKnownFileType = sourcecode.c.h; path = POPCustomAnimation.h; sourceTree = "<group>"; };
		B58C0BD01CAA50B7002029EC /* POPCustomAnimation.mm */ = {isa = PBXFileReference; fileEncoding = 4; lastKnownFileType = sourcecode.cpp.objcpp; path = POPCustomAnimation.mm; sourceTree = "<group>"; };
		B58C0BD11CAA50B7002029EC /* POPDecayAnimation.h */ = {isa = PBXFileReference; fileEncoding = 4; lastKnownFileType = sourcecode.c.h; path = POPDecayAnimation.h; sourceTree = "<group>"; };
		B58C0BD21CAA50B7002029EC /* POPDecayAnimation.mm */ = {isa = PBXFileReference; fileEncoding = 4; lastKnownFileType = sourcecode.cpp.objcpp; path = POPDecayAnimation.mm; sourceTree = "<group>"; };
		B58C0BD31CAA50B7002029EC /* POPDecayAnimationInternal.h */ = {isa = PBXFileReference; fileEncoding = 4; lastKnownFileType = sourcecode.c.h; path = POPDecayAnimationInternal.h; sourceTree = "<group>"; };
		B58C0BD41CAA50B7002029EC /* POPDefines.h */ = {isa = PBXFileReference; fileEncoding = 4; lastKnownFileType = sourcecode.c.h; path = POPDefines.h; sourceTree = "<group>"; };
		B58C0BD51CAA50B7002029EC /* POPGeometry.h */ = {isa = PBXFileReference; fileEncoding = 4; lastKnownFileType = sourcecode.c.h; path = POPGeometry.h; sourceTree = "<group>"; };
		B58C0BD61CAA50B7002029EC /* POPGeometry.mm */ = {isa = PBXFileReference; fileEncoding = 4; lastKnownFileType = sourcecode.cpp.objcpp; path = POPGeometry.mm; sourceTree = "<group>"; };
		B58C0BD71CAA50B7002029EC /* POPLayerExtras.h */ = {isa = PBXFileReference; fileEncoding = 4; lastKnownFileType = sourcecode.c.h; path = POPLayerExtras.h; sourceTree = "<group>"; };
		B58C0BD81CAA50B7002029EC /* POPLayerExtras.mm */ = {isa = PBXFileReference; fileEncoding = 4; lastKnownFileType = sourcecode.cpp.objcpp; path = POPLayerExtras.mm; sourceTree = "<group>"; };
		B58C0BD91CAA50B7002029EC /* POPMath.h */ = {isa = PBXFileReference; fileEncoding = 4; lastKnownFileType = sourcecode.c.h; path = POPMath.h; sourceTree = "<group>"; };
		B58C0BDA1CAA50B7002029EC /* POPMath.mm */ = {isa = PBXFileReference; fileEncoding = 4; lastKnownFileType = sourcecode.cpp.objcpp; path = POPMath.mm; sourceTree = "<group>"; };
		B58C0BDB1CAA50B7002029EC /* POPPropertyAnimation.h */ = {isa = PBXFileReference; fileEncoding = 4; lastKnownFileType = sourcecode.c.h; path = POPPropertyAnimation.h; sourceTree = "<group>"; };
		B58C0BDC1CAA50B7002029EC /* POPPropertyAnimation.mm */ = {isa = PBXFileReference; fileEncoding = 4; lastKnownFileType = sourcecode.cpp.objcpp; path = POPPropertyAnimation.mm; sourceTree = "<group>"; };
		B58C0BDD1CAA50B7002029EC /* POPPropertyAnimationInternal.h */ = {isa = PBXFileReference; fileEncoding = 4; lastKnownFileType = sourcecode.c.h; path = POPPropertyAnimationInternal.h; sourceTree = "<group>"; };
		B58C0BDE1CAA50B7002029EC /* POPSpringAnimation.h */ = {isa = PBXFileReference; fileEncoding = 4; lastKnownFileType = sourcecode.c.h; path = POPSpringAnimation.h; sourceTree = "<group>"; };
		B58C0BDF1CAA50B7002029EC /* POPSpringAnimation.mm */ = {isa = PBXFileReference; fileEncoding = 4; lastKnownFileType = sourcecode.cpp.objcpp; path = POPSpringAnimation.mm; sourceTree = "<group>"; };
		B58C0BE01CAA50B7002029EC /* POPSpringAnimationInternal.h */ = {isa = PBXFileReference; fileEncoding = 4; lastKnownFileType = sourcecode.c.h; path = POPSpringAnimationInternal.h; sourceTree = "<group>"; };
		B58C0BE11CAA50B7002029EC /* POPSpringSolver.h */ = {isa = PBXFileReference; fileEncoding = 4; lastKnownFileType = sourcecode.c.h; path = POPSpringSolver.h; sourceTree = "<group>"; };
		B58C0BE21CAA50B7002029EC /* POPVector.h */ = {isa = PBXFileReference; fileEncoding = 4; lastKnownFileType = sourcecode.c.h; path = POPVector.h; sourceTree = "<group>"; };
		B58C0BE31CAA50B7002029EC /* POPVector.mm */ = {isa = PBXFileReference; fileEncoding = 4; lastKnownFileType = sourcecode.cpp.objcpp; path = POPVector.mm; sourceTree = "<group>"; };
		B58C0BE51CAA50B7002029EC /* FloatConversion.h */ = {isa = PBXFileReference; fileEncoding = 4; lastKnownFileType = sourcecode.c.h; path = FloatConversion.h; sourceTree = "<group>"; };
		B58C0BE61CAA50B7002029EC /* TransformationMatrix.cpp */ = {isa = PBXFileReference; fileEncoding = 4; lastKnownFileType = sourcecode.cpp.cpp; path = TransformationMatrix.cpp; sourceTree = "<group>"; };
		B58C0BE71CAA50B7002029EC /* TransformationMatrix.h */ = {isa = PBXFileReference; fileEncoding = 4; lastKnownFileType = sourcecode.c.h; path = TransformationMatrix.h; sourceTree = "<group>"; };
		B58C0BE81CAA50B7002029EC /* UnitBezier.h */ = {isa = PBXFileReference; fileEncoding = 4; lastKnownFileType = sourcecode.c.h; path = UnitBezier.h; sourceTree = "<group>"; };
		B593454B1CA2C3360031528E /* FullTitleViewController.h */ = {isa = PBXFileReference; fileEncoding = 4; lastKnownFileType = sourcecode.c.h; path = FullTitleViewController.h; sourceTree = "<group>"; };
		B593454C1CA2C3360031528E /* FullTitleViewController.m */ = {isa = PBXFileReference; fileEncoding = 4; lastKnownFileType = sourcecode.c.objc; path = FullTitleViewController.m; sourceTree = "<group>"; };
		B593454E1CA2C54F0031528E /* FullTitleVisualEffectViewController.h */ = {isa = PBXFileReference; fileEncoding = 4; lastKnownFileType = sourcecode.c.h; path = FullTitleVisualEffectViewController.h; sourceTree = "<group>"; };
		B593454F1CA2C54F0031528E /* FullTitleVisualEffectViewController.m */ = {isa = PBXFileReference; fileEncoding = 4; lastKnownFileType = sourcecode.c.objc; path = FullTitleVisualEffectViewController.m; sourceTree = "<group>"; };
/* End PBXFileReference section */

/* Begin PBXFrameworksBuildPhase section */
		B539BF4B1CA17AE200AC0B7F /* Frameworks */ = {
			isa = PBXFrameworksBuildPhase;
			buildActionMask = 2147483647;
			files = (
			);
			runOnlyForDeploymentPostprocessing = 0;
		};
/* End PBXFrameworksBuildPhase section */

/* Begin PBXGroup section */
		B539BF451CA17AE200AC0B7F = {
			isa = PBXGroup;
			children = (
				B539BF501CA17AE200AC0B7F /* POPAnimationDemo */,
				B539BF4F1CA17AE200AC0B7F /* Products */,
			);
			sourceTree = "<group>";
		};
		B539BF4F1CA17AE200AC0B7F /* Products */ = {
			isa = PBXGroup;
			children = (
				B539BF4E1CA17AE200AC0B7F /* POPAnimationDemo.app */,
			);
			name = Products;
			sourceTree = "<group>";
		};
		B539BF501CA17AE200AC0B7F /* POPAnimationDemo */ = {
			isa = PBXGroup;
			children = (
				B539BF541CA17AE200AC0B7F /* AppDelegate.h */,
				B539BF551CA17AE200AC0B7F /* AppDelegate.m */,
				B58C0B9F1CAA3076002029EC /* RootController */,
				B539BF571CA17AE200AC0B7F /* ViewController.h */,
				B539BF581CA17AE200AC0B7F /* ViewController.m */,
				B539BF681CA17B0800AC0B7F /* AbstractBaseClass */,
				B58A44F71CA276A200CB9D34 /* Tools */,
				B539BF5A1CA17AE200AC0B7F /* Main.storyboard */,
				B539BF5D1CA17AE200AC0B7F /* Assets.xcassets */,
				B539BF5F1CA17AE200AC0B7F /* LaunchScreen.storyboard */,
				B539BF621CA17AE200AC0B7F /* Info.plist */,
				B539BF511CA17AE200AC0B7F /* Supporting Files */,
			);
			path = POPAnimationDemo;
			sourceTree = "<group>";
		};
		B539BF511CA17AE200AC0B7F /* Supporting Files */ = {
			isa = PBXGroup;
			children = (
				B539BF521CA17AE200AC0B7F /* main.m */,
			);
			name = "Supporting Files";
			sourceTree = "<group>";
		};
		B539BF681CA17B0800AC0B7F /* AbstractBaseClass */ = {
			isa = PBXGroup;
			children = (
				B58C0BAD1CAA3412002029EC /* CellDataAdapter */,
				B58C0BA61CAA32EF002029EC /* CustomCell */,
				B539BF691CA17B6300AC0B7F /* AbstractAlertView */,
				B539BF6D1CA187F500AC0B7F /* CustomController */,
			);
			name = AbstractBaseClass;
			sourceTree = "<group>";
		};
		B539BF691CA17B6300AC0B7F /* AbstractAlertView */ = {
			isa = PBXGroup;
			children = (
				B539BF6A1CA17BB300AC0B7F /* AbstractAlertView.h */,
				B539BF6B1CA17BB300AC0B7F /* AbstractAlertView.m */,
			);
			name = AbstractAlertView;
			sourceTree = "<group>";
		};
		B539BF6D1CA187F500AC0B7F /* CustomController */ = {
			isa = PBXGroup;
			children = (
				B539BF6E1CA1881600AC0B7F /* CustomViewController.h */,
				B539BF6F1CA1881600AC0B7F /* CustomViewController.m */,
				B58A44E61CA2699E00CB9D34 /* CustomNavigationController.h */,
				B58A44E71CA2699E00CB9D34 /* CustomNavigationController.m */,
				B58A44E91CA26BEA00CB9D34 /* CustomViewControllerSubviewTagValue.h */,
				B58A44EA1CA26E5800CB9D34 /* CustomNomalContentViewController.h */,
				B58A44EB1CA26E5800CB9D34 /* CustomNomalContentViewController.m */,
				B58A44ED1CA2734400CB9D34 /* CustomFullContentViewController.h */,
				B58A44EE1CA2734400CB9D34 /* CustomFullContentViewController.m */,
				B58A44F01CA2753800CB9D34 /* NormalTitleViewController.h */,
				B58A44F11CA2753800CB9D34 /* NormalTitleViewController.m */,
				B593454B1CA2C3360031528E /* FullTitleViewController.h */,
				B593454C1CA2C3360031528E /* FullTitleViewController.m */,
				B593454E1CA2C54F0031528E /* FullTitleVisualEffectViewController.h */,
				B593454F1CA2C54F0031528E /* FullTitleVisualEffectViewController.m */,
			);
			name = CustomController;
			sourceTree = "<group>";
		};
		B58A44F31CA2765200CB9D34 /* Color */ = {
			isa = PBXGroup;
			children = (
				B58A44F41CA2767E00CB9D34 /* UIColor+CustomColors.h */,
				B58A44F51CA2767E00CB9D34 /* UIColor+CustomColors.m */,
			);
			name = Color;
			sourceTree = "<group>";
		};
		B58A44F71CA276A200CB9D34 /* Tools */ = {
			isa = PBXGroup;
			children = (
				B58C0BB41CAA50B7002029EC /* pop */,
				B58A44FC1CA28D4400CB9D34 /* UIFont */,
				B58A44F81CA276DC00CB9D34 /* SetRect */,
				B58A44F31CA2765200CB9D34 /* Color */,
			);
			name = Tools;
			sourceTree = "<group>";
		};
		B58A44F81CA276DC00CB9D34 /* SetRect */ = {
			isa = PBXGroup;
			children = (
				B58A44F91CA2778800CB9D34 /* UIView+SetRect.h */,
				B58A44FA1CA2778800CB9D34 /* UIView+SetRect.m */,
			);
			name = SetRect;
			sourceTree = "<group>";
		};
		B58A44FC1CA28D4400CB9D34 /* UIFont */ = {
			isa = PBXGroup;
			children = (
				B58A44FD1CA28D5500CB9D34 /* UIFont+Fonts.h */,
				B58A44FE1CA28D5500CB9D34 /* UIFont+Fonts.m */,
			);
			name = UIFont;
			sourceTree = "<group>";
		};
		B58C0B9F1CAA3076002029EC /* RootController */ = {
			isa = PBXGroup;
			children = (
				B58C0BA01CAA30AD002029EC /* AnimationListViewController.h */,
				B58C0BA11CAA30AD002029EC /* AnimationListViewController.m */,
				B58C0BA31CAA30D2002029EC /* Item.h */,
				B58C0BA41CAA30D2002029EC /* Item.m */,
				B58C0BB11CAA5082002029EC /* ListItemCell.h */,
				B58C0BB21CAA5082002029EC /* ListItemCell.m */,
			);
			name = RootController;
			sourceTree = "<group>";
		};
		B58C0BA61CAA32EF002029EC /* CustomCell */ = {
			isa = PBXGroup;
			children = (
				B58C0BAA1CAA3401002029EC /* CustomAdapterTypeCell.h */,
				B58C0BAB1CAA3401002029EC /* CustomAdapterTypeCell.m */,
			);
			name = CustomCell;
			sourceTree = "<group>";
		};
		B58C0BAD1CAA3412002029EC /* CellDataAdapter */ = {
			isa = PBXGroup;
			children = (
				B58C0BAE1CAA5056002029EC /* CellDataAdapter.h */,
				B58C0BAF1CAA5056002029EC /* CellDataAdapter.m */,
			);
			name = CellDataAdapter;
			sourceTree = "<group>";
		};
		B58C0BB41CAA50B7002029EC /* pop */ = {
			isa = PBXGroup;
			children = (
				B58C0BB51CAA50B7002029EC /* POP.h */,
				B58C0BB61CAA50B7002029EC /* POPAction.h */,
				B58C0BB71CAA50B7002029EC /* POPAnimatableProperty.h */,
				B58C0BB81CAA50B7002029EC /* POPAnimatableProperty.mm */,
				B58C0BB91CAA50B7002029EC /* POPAnimation.h */,
				B58C0BBA1CAA50B7002029EC /* POPAnimation.mm */,
				B58C0BBB1CAA50B7002029EC /* POPAnimationEvent.h */,
				B58C0BBC1CAA50B7002029EC /* POPAnimationEvent.mm */,
				B58C0BBD1CAA50B7002029EC /* POPAnimationEventInternal.h */,
				B58C0BBE1CAA50B7002029EC /* POPAnimationExtras.h */,
				B58C0BBF1CAA50B7002029EC /* POPAnimationExtras.mm */,
				B58C0BC01CAA50B7002029EC /* POPAnimationInternal.h */,
				B58C0BC11CAA50B7002029EC /* POPAnimationPrivate.h */,
				B58C0BC21CAA50B7002029EC /* POPAnimationRuntime.h */,
				B58C0BC31CAA50B7002029EC /* POPAnimationRuntime.mm */,
				B58C0BC41CAA50B7002029EC /* POPAnimationTracer.h */,
				B58C0BC51CAA50B7002029EC /* POPAnimationTracer.mm */,
				B58C0BC61CAA50B7002029EC /* POPAnimationTracerInternal.h */,
				B58C0BC71CAA50B7002029EC /* POPAnimator.h */,
				B58C0BC81CAA50B7002029EC /* POPAnimator.mm */,
				B58C0BC91CAA50B7002029EC /* POPAnimatorPrivate.h */,
				B58C0BCA1CAA50B7002029EC /* POPBasicAnimation.h */,
				B58C0BCB1CAA50B7002029EC /* POPBasicAnimation.mm */,
				B58C0BCC1CAA50B7002029EC /* POPBasicAnimationInternal.h */,
				B58C0BCD1CAA50B7002029EC /* POPCGUtils.h */,
				B58C0BCE1CAA50B7002029EC /* POPCGUtils.mm */,
				B58C0BCF1CAA50B7002029EC /* POPCustomAnimation.h */,
				B58C0BD01CAA50B7002029EC /* POPCustomAnimation.mm */,
				B58C0BD11CAA50B7002029EC /* POPDecayAnimation.h */,
				B58C0BD21CAA50B7002029EC /* POPDecayAnimation.mm */,
				B58C0BD31CAA50B7002029EC /* POPDecayAnimationInternal.h */,
				B58C0BD41CAA50B7002029EC /* POPDefines.h */,
				B58C0BD51CAA50B7002029EC /* POPGeometry.h */,
				B58C0BD61CAA50B7002029EC /* POPGeometry.mm */,
				B58C0BD71CAA50B7002029EC /* POPLayerExtras.h */,
				B58C0BD81CAA50B7002029EC /* POPLayerExtras.mm */,
				B58C0BD91CAA50B7002029EC /* POPMath.h */,
				B58C0BDA1CAA50B7002029EC /* POPMath.mm */,
				B58C0BDB1CAA50B7002029EC /* POPPropertyAnimation.h */,
				B58C0BDC1CAA50B7002029EC /* POPPropertyAnimation.mm */,
				B58C0BDD1CAA50B7002029EC /* POPPropertyAnimationInternal.h */,
				B58C0BDE1CAA50B7002029EC /* POPSpringAnimation.h */,
				B58C0BDF1CAA50B7002029EC /* POPSpringAnimation.mm */,
				B58C0BE01CAA50B7002029EC /* POPSpringAnimationInternal.h */,
				B58C0BE11CAA50B7002029EC /* POPSpringSolver.h */,
				B58C0BE21CAA50B7002029EC /* POPVector.h */,
				B58C0BE31CAA50B7002029EC /* POPVector.mm */,
				B58C0BE41CAA50B7002029EC /* WebCore */,
			);
			path = pop;
			sourceTree = "<group>";
		};
		B58C0BE41CAA50B7002029EC /* WebCore */ = {
			isa = PBXGroup;
			children = (
				B58C0BE51CAA50B7002029EC /* FloatConversion.h */,
				B58C0BE61CAA50B7002029EC /* TransformationMatrix.cpp */,
				B58C0BE71CAA50B7002029EC /* TransformationMatrix.h */,
				B58C0BE81CAA50B7002029EC /* UnitBezier.h */,
			);
			path = WebCore;
			sourceTree = "<group>";
		};
/* End PBXGroup section */

/* Begin PBXNativeTarget section */
		B539BF4D1CA17AE200AC0B7F /* POPAnimationDemo */ = {
			isa = PBXNativeTarget;
			buildConfigurationList = B539BF651CA17AE200AC0B7F /* Build configuration list for PBXNativeTarget "POPAnimationDemo" */;
			buildPhases = (
				B539BF4A1CA17AE200AC0B7F /* Sources */,
				B539BF4B1CA17AE200AC0B7F /* Frameworks */,
				B539BF4C1CA17AE200AC0B7F /* Resources */,
			);
			buildRules = (
			);
			dependencies = (
			);
			name = POPAnimationDemo;
			productName = POPAnimationDemo;
			productReference = B539BF4E1CA17AE200AC0B7F /* POPAnimationDemo.app */;
			productType = "com.apple.product-type.application";
		};
/* End PBXNativeTarget section */

/* Begin PBXProject section */
		B539BF461CA17AE200AC0B7F /* Project object */ = {
			isa = PBXProject;
			attributes = {
				LastUpgradeCheck = 0720;
				ORGANIZATIONNAME = FrankLiu;
				TargetAttributes = {
					B539BF4D1CA17AE200AC0B7F = {
						CreatedOnToolsVersion = 7.2;
						DevelopmentTeam = LQ7EZHXL53;
					};
				};
			};
			buildConfigurationList = B539BF491CA17AE200AC0B7F /* Build configuration list for PBXProject "POPAnimationDemo" */;
			compatibilityVersion = "Xcode 3.2";
			developmentRegion = English;
			hasScannedForEncodings = 0;
			knownRegions = (
				en,
				Base,
			);
			mainGroup = B539BF451CA17AE200AC0B7F;
			productRefGroup = B539BF4F1CA17AE200AC0B7F /* Products */;
			projectDirPath = "";
			projectRoot = "";
			targets = (
				B539BF4D1CA17AE200AC0B7F /* POPAnimationDemo */,
			);
		};
/* End PBXProject section */

/* Begin PBXResourcesBuildPhase section */
		B539BF4C1CA17AE200AC0B7F /* Resources */ = {
			isa = PBXResourcesBuildPhase;
			buildActionMask = 2147483647;
			files = (
				B539BF611CA17AE200AC0B7F /* LaunchScreen.storyboard in Resources */,
				B539BF5E1CA17AE200AC0B7F /* Assets.xcassets in Resources */,
				B539BF5C1CA17AE200AC0B7F /* Main.storyboard in Resources */,
			);
			runOnlyForDeploymentPostprocessing = 0;
		};
/* End PBXResourcesBuildPhase section */

/* Begin PBXSourcesBuildPhase section */
		B539BF4A1CA17AE200AC0B7F /* Sources */ = {
			isa = PBXSourcesBuildPhase;
			buildActionMask = 2147483647;
			files = (
				B58C0BA51CAA30D2002029EC /* Item.m in Sources */,
				B58C0BF81CAA50B7002029EC /* POPSpringAnimation.mm in Sources */,
				B539BF591CA17AE200AC0B7F /* ViewController.m in Sources */,
				B59345501CA2C54F0031528E /* FullTitleVisualEffectViewController.m in Sources */,
				B539BF701CA1881600AC0B7F /* CustomViewController.m in Sources */,
				B58C0BB31CAA5082002029EC /* ListItemCell.m in Sources */,
				B58A44F61CA2767E00CB9D34 /* UIColor+CustomColors.m in Sources */,
				B539BF6C1CA17BB300AC0B7F /* AbstractAlertView.m in Sources */,
				B58C0BEE1CAA50B7002029EC /* POPAnimationTracer.mm in Sources */,
				B58C0BAC1CAA3401002029EC /* CustomAdapterTypeCell.m in Sources */,
				B58A44F21CA2753800CB9D34 /* NormalTitleViewController.m in Sources */,
				B58C0BED1CAA50B7002029EC /* POPAnimationRuntime.mm in Sources */,
				B593454D1CA2C3360031528E /* FullTitleViewController.m in Sources */,
				B58C0BF21CAA50B7002029EC /* POPCustomAnimation.mm in Sources */,
				B58C0BB01CAA5056002029EC /* CellDataAdapter.m in Sources */,
				B539BF561CA17AE200AC0B7F /* AppDelegate.m in Sources */,
				B58C0BF31CAA50B7002029EC /* POPDecayAnimation.mm in Sources */,
				B58C0BF41CAA50B7002029EC /* POPGeometry.mm in Sources */,
				B58C0BF01CAA50B7002029EC /* POPBasicAnimation.mm in Sources */,
				B58C0BA21CAA30AD002029EC /* AnimationListViewController.m in Sources */,
				B58C0BF71CAA50B7002029EC /* POPPropertyAnimation.mm in Sources */,
				B58A44EF1CA2734400CB9D34 /* CustomFullContentViewController.m in Sources */,
				B58C0BE91CAA50B7002029EC /* POPAnimatableProperty.mm in Sources */,
				B58A44EC1CA26E5800CB9D34 /* CustomNomalContentViewController.m in Sources */,
				B58C0BEF1CAA50B7002029EC /* POPAnimator.mm in Sources */,
				B58A44FB1CA2778800CB9D34 /* UIView+SetRect.m in Sources */,
				B58C0BFA1CAA50B7002029EC /* TransformationMatrix.cpp in Sources */,
				B58C0BF91CAA50B7002029EC /* POPVector.mm in Sources */,
				B58C0BEC1CAA50B7002029EC /* POPAnimationExtras.mm in Sources */,
				B58C0BEB1CAA50B7002029EC /* POPAnimationEvent.mm in Sources */,
				B58A44E81CA2699E00CB9D34 /* CustomNavigationController.m in Sources */,
				B58C0BEA1CAA50B7002029EC /* POPAnimation.mm in Sources */,
				B58C0BF51CAA50B7002029EC /* POPLayerExtras.mm in Sources */,
				B539BF531CA17AE200AC0B7F /* main.m in Sources */,
				B58A44FF1CA28D5500CB9D34 /* UIFont+Fonts.m in Sources */,
				B58C0BF61CAA50B7002029EC /* POPMath.mm in Sources */,
				B58C0BF11CAA50B7002029EC /* POPCGUtils.mm in Sources */,
			);
			runOnlyForDeploymentPostprocessing = 0;
		};
/* End PBXSourcesBuildPhase section */

/* Begin PBXVariantGroup section */
		B539BF5A1CA17AE200AC0B7F /* Main.storyboard */ = {
			isa = PBXVariantGroup;
			children = (
				B539BF5B1CA17AE200AC0B7F /* Base */,
			);
			name = Main.storyboard;
			sourceTree = "<group>";
		};
		B539BF5F1CA17AE200AC0B7F /* LaunchScreen.storyboard */ = {
			isa = PBXVariantGroup;
			children = (
				B539BF601CA17AE200AC0B7F /* Base */,
			);
			name = LaunchScreen.storyboard;
			sourceTree = "<group>";
		};
/* End PBXVariantGroup section */

/* Begin XCBuildConfiguration section */
		B539BF631CA17AE200AC0B7F /* Debug */ = {
			isa = XCBuildConfiguration;
			buildSettings = {
				ALWAYS_SEARCH_USER_PATHS = NO;
				CLANG_CXX_LANGUAGE_STANDARD = "gnu++0x";
				CLANG_CXX_LIBRARY = "libc++";
				CLANG_ENABLE_MODULES = YES;
				CLANG_ENABLE_OBJC_ARC = YES;
				CLANG_WARN_BOOL_CONVERSION = YES;
				CLANG_WARN_CONSTANT_CONVERSION = YES;
				CLANG_WARN_DIRECT_OBJC_ISA_USAGE = YES_ERROR;
				CLANG_WARN_EMPTY_BODY = YES;
				CLANG_WARN_ENUM_CONVERSION = YES;
				CLANG_WARN_INT_CONVERSION = YES;
				CLANG_WARN_OBJC_ROOT_CLASS = YES_ERROR;
				CLANG_WARN_UNREACHABLE_CODE = YES;
				CLANG_WARN__DUPLICATE_METHOD_MATCH = YES;
				"CODE_SIGN_IDENTITY[sdk=iphoneos*]" = "iPhone Developer";
				COPY_PHASE_STRIP = NO;
				DEBUG_INFORMATION_FORMAT = dwarf;
				ENABLE_STRICT_OBJC_MSGSEND = YES;
				ENABLE_TESTABILITY = YES;
				GCC_C_LANGUAGE_STANDARD = gnu99;
				GCC_DYNAMIC_NO_PIC = NO;
				GCC_NO_COMMON_BLOCKS = YES;
				GCC_OPTIMIZATION_LEVEL = 0;
				GCC_PREPROCESSOR_DEFINITIONS = (
					"DEBUG=1",
					"$(inherited)",
				);
				GCC_WARN_64_TO_32_BIT_CONVERSION = YES;
				GCC_WARN_ABOUT_RETURN_TYPE = YES_ERROR;
				GCC_WARN_UNDECLARED_SELECTOR = YES;
				GCC_WARN_UNINITIALIZED_AUTOS = YES_AGGRESSIVE;
				GCC_WARN_UNUSED_FUNCTION = YES;
				GCC_WARN_UNUSED_VARIABLE = YES;
				IPHONEOS_DEPLOYMENT_TARGET = 9.2;
				MTL_ENABLE_DEBUG_INFO = YES;
				ONLY_ACTIVE_ARCH = YES;
				SDKROOT = iphoneos;
			};
			name = Debug;
		};
		B539BF641CA17AE200AC0B7F /* Release */ = {
			isa = XCBuildConfiguration;
			buildSettings = {
				ALWAYS_SEARCH_USER_PATHS = NO;
				CLANG_CXX_LANGUAGE_STANDARD = "gnu++0x";
				CLANG_CXX_LIBRARY = "libc++";
				CLANG_ENABLE_MODULES = YES;
				CLANG_ENABLE_OBJC_ARC = YES;
				CLANG_WARN_BOOL_CONVERSION = YES;
				CLANG_WARN_CONSTANT_CONVERSION = YES;
				CLANG_WARN_DIRECT_OBJC_ISA_USAGE = YES_ERROR;
				CLANG_WARN_EMPTY_BODY = YES;
				CLANG_WARN_ENUM_CONVERSION = YES;
				CLANG_WARN_INT_CONVERSION = YES;
				CLANG_WARN_OBJC_ROOT_CLASS = YES_ERROR;
				CLANG_WARN_UNREACHABLE_CODE = YES;
				CLANG_WARN__DUPLICATE_METHOD_MATCH = YES;
				"CODE_SIGN_IDENTITY[sdk=iphoneos*]" = "iPhone Developer";
				COPY_PHASE_STRIP = NO;
				DEBUG_INFORMATION_FORMAT = "dwarf-with-dsym";
				ENABLE_NS_ASSERTIONS = NO;
				ENABLE_STRICT_OBJC_MSGSEND = YES;
				GCC_C_LANGUAGE_STANDARD = gnu99;
				GCC_NO_COMMON_BLOCKS = YES;
				GCC_WARN_64_TO_32_BIT_CONVERSION = YES;
				GCC_WARN_ABOUT_RETURN_TYPE = YES_ERROR;
				GCC_WARN_UNDECLARED_SELECTOR = YES;
				GCC_WARN_UNINITIALIZED_AUTOS = YES_AGGRESSIVE;
				GCC_WARN_UNUSED_FUNCTION = YES;
				GCC_WARN_UNUSED_VARIABLE = YES;
				IPHONEOS_DEPLOYMENT_TARGET = 9.2;
				MTL_ENABLE_DEBUG_INFO = NO;
				SDKROOT = iphoneos;
				VALIDATE_PRODUCT = YES;
			};
			name = Release;
		};
		B539BF661CA17AE200AC0B7F /* Debug */ = {
			isa = XCBuildConfiguration;
			buildSettings = {
				ASSETCATALOG_COMPILER_APPICON_NAME = AppIcon;
				CODE_SIGN_IDENTITY = "iPhone Developer";
				"CODE_SIGN_IDENTITY[sdk=iphoneos*]" = "iPhone Developer";
				INFOPLIST_FILE = POPAnimationDemo/Info.plist;
				LD_RUNPATH_SEARCH_PATHS = "$(inherited) @executable_path/Frameworks";
				PRODUCT_BUNDLE_IDENTIFIER = com.FrankLiu.POPAnimationDemo;
				PRODUCT_NAME = "$(TARGET_NAME)";
				PROVISIONING_PROFILE = "";
			};
			name = Debug;
		};
		B539BF671CA17AE200AC0B7F /* Release */ = {
			isa = XCBuildConfiguration;
			buildSettings = {
				ASSETCATALOG_COMPILER_APPICON_NAME = AppIcon;
				CODE_SIGN_IDENTITY = "iPhone Developer";
				"CODE_SIGN_IDENTITY[sdk=iphoneos*]" = "iPhone Developer";
				INFOPLIST_FILE = POPAnimationDemo/Info.plist;
				LD_RUNPATH_SEARCH_PATHS = "$(inherited) @executable_path/Frameworks";
				PRODUCT_BUNDLE_IDENTIFIER = com.FrankLiu.POPAnimationDemo;
				PRODUCT_NAME = "$(TARGET_NAME)";
				PROVISIONING_PROFILE = "";
			};
			name = Release;
		};
/* End XCBuildConfiguration section */

/* Begin XCConfigurationList section */
		B539BF491CA17AE200AC0B7F /* Build configuration list for PBXProject "POPAnimationDemo" */ = {
			isa = XCConfigurationList;
			buildConfigurations = (
				B539BF631CA17AE200AC0B7F /* Debug */,
				B539BF641CA17AE200AC0B7F /* Release */,
			);
			defaultConfigurationIsVisible = 0;
			defaultConfigurationName = Release;
		};
		B539BF651CA17AE200AC0B7F /* Build configuration list for PBXNativeTarget "POPAnimationDemo" */ = {
			isa = XCConfigurationList;
			buildConfigurations = (
				B539BF661CA17AE200AC0B7F /* Debug */,
				B539BF671CA17AE200AC0B7F /* Release */,
			);
			defaultConfigurationIsVisible = 0;
			defaultConfigurationName = Release;
		};
/* End XCConfigurationList section */
	};
	rootObject = B539BF461CA17AE200AC0B7F /* Project object */;
}
